
Microsoft Visual Studio Solution File, Format Version 12.00
# Visual Studio Version 16
VisualStudioVersion = 16.0.30711.63
MinimumVisualStudioVersion = 10.0.40219.1
Project("{8BC9CEB8-8B4A-11D0-8D11-00A0C91BC942}") = "wxTTM", "src\wxTTM\wxTTM.vcxproj", "{D119C568-598E-4251-9386-7FB93BBBF046}"
	ProjectSection(ProjectDependencies) = postProject
		{28D0C406-A047-475E-AB7C-7AC81BDCCFC4} = {28D0C406-A047-475E-AB7C-7AC81BDCCFC4}
		{8270CA27-F97B-4EFD-A077-BCF3EE9D1571} = {8270CA27-F97B-4EFD-A077-BCF3EE9D1571}
		{AEDD8A5B-DFA6-4995-9E9E-EB381C34CEAF} = {AEDD8A5B-DFA6-4995-9E9E-EB381C34CEAF}
		{D5F9A5A1-CF25-4510-B85C-4FCF90A8F6C1} = {D5F9A5A1-CF25-4510-B85C-4FCF90A8F6C1}
	EndProjectSection
EndProject
Project("{8BC9CEB8-8B4A-11D0-8D11-00A0C91BC942}") = "Crypt", "src\Crypt\Crypt.vcxproj", "{434B5BDE-C9AA-4320-9F5B-CD2C7524AFE5}"
EndProject
Project("{8BC9CEB8-8B4A-11D0-8D11-00A0C91BC942}") = "liblpsolve", "src\lp_solve\lpsolve55\lib.vcxproj", "{AEDD8A5B-DFA6-4995-9E9E-EB381C34CEAF}"
EndProject
Project("{8BC9CEB8-8B4A-11D0-8D11-00A0C91BC942}") = "wxpdfdoc", "src\wxpdfdoc\wxpdfdoc.vcxproj", "{8270CA27-F97B-4EFD-A077-BCF3EE9D1571}"
EndProject
Project("{8BC9CEB8-8B4A-11D0-8D11-00A0C91BC942}") = "XmlRpc4Win", "src\XmlRpc4Win\XmlRpc4Win.vcxproj", "{D5F9A5A1-CF25-4510-B85C-4FCF90A8F6C1}"
EndProject
Project("{8BC9CEB8-8B4A-11D0-8D11-00A0C91BC942}") = "wxjson", "src\wxjson\wxjson.vcxproj", "{28D0C406-A047-475E-AB7C-7AC81BDCCFC4}"
EndProject
Project("{8BC9CEB8-8B4A-11D0-8D11-00A0C91BC942}") = "wxTestTTM", "src\wxTestTTM\wxTestTTM.vcxproj", "{EEA0494C-85F3-4A91-839E-1EFF10389CE4}"
EndProject
Global
	GlobalSection(SolutionConfigurationPlatforms) = preSolution
		Debug Lib|x64 = Debug Lib|x64
		Debug Lib|x86 = Debug Lib|x86
		Debug|x64 = Debug|x64
		Debug|x86 = Debug|x86
		Noopt|x64 = Noopt|x64
		Noopt|x86 = Noopt|x86
		Release|x64 = Release|x64
		Release|x86 = Release|x86
	EndGlobalSection
	GlobalSection(ProjectConfigurationPlatforms) = postSolution
		{D119C568-598E-4251-9386-7FB93BBBF046}.Debug Lib|x64.ActiveCfg = Debug Lib|x64
		{D119C568-598E-4251-9386-7FB93BBBF046}.Debug Lib|x64.Build.0 = Debug Lib|x64
		{D119C568-598E-4251-9386-7FB93BBBF046}.Debug Lib|x86.ActiveCfg = Debug Lib|Win32
		{D119C568-598E-4251-9386-7FB93BBBF046}.Debug Lib|x86.Build.0 = Debug Lib|Win32
		{D119C568-598E-4251-9386-7FB93BBBF046}.Debug|x64.ActiveCfg = Debug|x64
		{D119C568-598E-4251-9386-7FB93BBBF046}.Debug|x64.Build.0 = Debug|x64
		{D119C568-598E-4251-9386-7FB93BBBF046}.Debug|x86.ActiveCfg = Debug|Win32
		{D119C568-598E-4251-9386-7FB93BBBF046}.Debug|x86.Build.0 = Debug|Win32
		{D119C568-598E-4251-9386-7FB93BBBF046}.Noopt|x64.ActiveCfg = Noopt|x64
		{D119C568-598E-4251-9386-7FB93BBBF046}.Noopt|x64.Build.0 = Noopt|x64
		{D119C568-598E-4251-9386-7FB93BBBF046}.Noopt|x86.ActiveCfg = Noopt|Win32
		{D119C568-598E-4251-9386-7FB93BBBF046}.Noopt|x86.Build.0 = Noopt|Win32
		{D119C568-598E-4251-9386-7FB93BBBF046}.Release|x64.ActiveCfg = Release|x64
		{D119C568-598E-4251-9386-7FB93BBBF046}.Release|x64.Build.0 = Release|x64
		{D119C568-598E-4251-9386-7FB93BBBF046}.Release|x86.ActiveCfg = Release|Win32
		{D119C568-598E-4251-9386-7FB93BBBF046}.Release|x86.Build.0 = Release|Win32
		{434B5BDE-C9AA-4320-9F5B-CD2C7524AFE5}.Debug Lib|x64.ActiveCfg = Debug|x64
		{434B5BDE-C9AA-4320-9F5B-CD2C7524AFE5}.Debug Lib|x64.Build.0 = Debug|x64
		{434B5BDE-C9AA-4320-9F5B-CD2C7524AFE5}.Debug Lib|x86.ActiveCfg = Debug|Win32
		{434B5BDE-C9AA-4320-9F5B-CD2C7524AFE5}.Debug Lib|x86.Build.0 = Debug|Win32
		{434B5BDE-C9AA-4320-9F5B-CD2C7524AFE5}.Debug|x64.ActiveCfg = Debug|x64
		{434B5BDE-C9AA-4320-9F5B-CD2C7524AFE5}.Debug|x64.Build.0 = Debug|x64
		{434B5BDE-C9AA-4320-9F5B-CD2C7524AFE5}.Debug|x86.ActiveCfg = Debug|Win32
		{434B5BDE-C9AA-4320-9F5B-CD2C7524AFE5}.Debug|x86.Build.0 = Debug|Win32
		{434B5BDE-C9AA-4320-9F5B-CD2C7524AFE5}.Noopt|x64.ActiveCfg = Noopt|x64
		{434B5BDE-C9AA-4320-9F5B-CD2C7524AFE5}.Noopt|x64.Build.0 = Noopt|x64
		{434B5BDE-C9AA-4320-9F5B-CD2C7524AFE5}.Noopt|x86.ActiveCfg = Noopt|Win32
		{434B5BDE-C9AA-4320-9F5B-CD2C7524AFE5}.Noopt|x86.Build.0 = Noopt|Win32
		{434B5BDE-C9AA-4320-9F5B-CD2C7524AFE5}.Release|x64.ActiveCfg = Release|x64
		{434B5BDE-C9AA-4320-9F5B-CD2C7524AFE5}.Release|x64.Build.0 = Release|x64
		{434B5BDE-C9AA-4320-9F5B-CD2C7524AFE5}.Release|x86.ActiveCfg = Release|Win32
		{434B5BDE-C9AA-4320-9F5B-CD2C7524AFE5}.Release|x86.Build.0 = Release|Win32
		{AEDD8A5B-DFA6-4995-9E9E-EB381C34CEAF}.Debug Lib|x64.ActiveCfg = Debug fortify|x64
		{AEDD8A5B-DFA6-4995-9E9E-EB381C34CEAF}.Debug Lib|x64.Build.0 = Debug fortify|x64
		{AEDD8A5B-DFA6-4995-9E9E-EB381C34CEAF}.Debug Lib|x86.ActiveCfg = Debug|Win32
		{AEDD8A5B-DFA6-4995-9E9E-EB381C34CEAF}.Debug Lib|x86.Build.0 = Debug|Win32
		{AEDD8A5B-DFA6-4995-9E9E-EB381C34CEAF}.Debug|x64.ActiveCfg = Debug|x64
		{AEDD8A5B-DFA6-4995-9E9E-EB381C34CEAF}.Debug|x64.Build.0 = Debug|x64
		{AEDD8A5B-DFA6-4995-9E9E-EB381C34CEAF}.Debug|x86.ActiveCfg = Debug|Win32
		{AEDD8A5B-DFA6-4995-9E9E-EB381C34CEAF}.Debug|x86.Build.0 = Debug|Win32
		{AEDD8A5B-DFA6-4995-9E9E-EB381C34CEAF}.Noopt|x64.ActiveCfg = Noopt|x64
		{AEDD8A5B-DFA6-4995-9E9E-EB381C34CEAF}.Noopt|x64.Build.0 = Noopt|x64
		{AEDD8A5B-DFA6-4995-9E9E-EB381C34CEAF}.Noopt|x86.ActiveCfg = Noopt|Win32
		{AEDD8A5B-DFA6-4995-9E9E-EB381C34CEAF}.Noopt|x86.Build.0 = Noopt|Win32
		{AEDD8A5B-DFA6-4995-9E9E-EB381C34CEAF}.Release|x64.ActiveCfg = Release|x64
		{AEDD8A5B-DFA6-4995-9E9E-EB381C34CEAF}.Release|x64.Build.0 = Release|x64
		{AEDD8A5B-DFA6-4995-9E9E-EB381C34CEAF}.Release|x86.ActiveCfg = Release|Win32
		{AEDD8A5B-DFA6-4995-9E9E-EB381C34CEAF}.Release|x86.Build.0 = Release|Win32
		{8270CA27-F97B-4EFD-A077-BCF3EE9D1571}.Debug Lib|x64.ActiveCfg = Debug|x64
		{8270CA27-F97B-4EFD-A077-BCF3EE9D1571}.Debug Lib|x64.Build.0 = Debug|x64
		{8270CA27-F97B-4EFD-A077-BCF3EE9D1571}.Debug Lib|x86.ActiveCfg = Debug|Win32
		{8270CA27-F97B-4EFD-A077-BCF3EE9D1571}.Debug Lib|x86.Build.0 = Debug|Win32
		{8270CA27-F97B-4EFD-A077-BCF3EE9D1571}.Debug|x64.ActiveCfg = Debug|x64
		{8270CA27-F97B-4EFD-A077-BCF3EE9D1571}.Debug|x64.Build.0 = Debug|x64
		{8270CA27-F97B-4EFD-A077-BCF3EE9D1571}.Debug|x86.ActiveCfg = Debug|Win32
		{8270CA27-F97B-4EFD-A077-BCF3EE9D1571}.Debug|x86.Build.0 = Debug|Win32
		{8270CA27-F97B-4EFD-A077-BCF3EE9D1571}.Noopt|x64.ActiveCfg = Noopt|x64
		{8270CA27-F97B-4EFD-A077-BCF3EE9D1571}.Noopt|x64.Build.0 = Noopt|x64
		{8270CA27-F97B-4EFD-A077-BCF3EE9D1571}.Noopt|x86.ActiveCfg = Noopt|Win32
		{8270CA27-F97B-4EFD-A077-BCF3EE9D1571}.Noopt|x86.Build.0 = Noopt|Win32
		{8270CA27-F97B-4EFD-A077-BCF3EE9D1571}.Release|x64.ActiveCfg = Release|x64
		{8270CA27-F97B-4EFD-A077-BCF3EE9D1571}.Release|x64.Build.0 = Release|x64
		{8270CA27-F97B-4EFD-A077-BCF3EE9D1571}.Release|x86.ActiveCfg = Release|Win32
		{8270CA27-F97B-4EFD-A077-BCF3EE9D1571}.Release|x86.Build.0 = Release|Win32
		{D5F9A5A1-CF25-4510-B85C-4FCF90A8F6C1}.Debug Lib|x64.ActiveCfg = Debug|x64
		{D5F9A5A1-CF25-4510-B85C-4FCF90A8F6C1}.Debug Lib|x64.Build.0 = Debug|x64
		{D5F9A5A1-CF25-4510-B85C-4FCF90A8F6C1}.Debug Lib|x86.ActiveCfg = Debug|Win32
		{D5F9A5A1-CF25-4510-B85C-4FCF90A8F6C1}.Debug Lib|x86.Build.0 = Debug|Win32
		{D5F9A5A1-CF25-4510-B85C-4FCF90A8F6C1}.Debug|x64.ActiveCfg = Debug|x64
		{D5F9A5A1-CF25-4510-B85C-4FCF90A8F6C1}.Debug|x64.Build.0 = Debug|x64
		{D5F9A5A1-CF25-4510-B85C-4FCF90A8F6C1}.Debug|x86.ActiveCfg = Debug|Win32
		{D5F9A5A1-CF25-4510-B85C-4FCF90A8F6C1}.Debug|x86.Build.0 = Debug|Win32
		{D5F9A5A1-CF25-4510-B85C-4FCF90A8F6C1}.Noopt|x64.ActiveCfg = Release|x64
		{D5F9A5A1-CF25-4510-B85C-4FCF90A8F6C1}.Noopt|x64.Build.0 = Release|x64
		{D5F9A5A1-CF25-4510-B85C-4FCF90A8F6C1}.Noopt|x86.ActiveCfg = Release|Win32
		{D5F9A5A1-CF25-4510-B85C-4FCF90A8F6C1}.Noopt|x86.Build.0 = Release|Win32
		{D5F9A5A1-CF25-4510-B85C-4FCF90A8F6C1}.Release|x64.ActiveCfg = Release|x64
		{D5F9A5A1-CF25-4510-B85C-4FCF90A8F6C1}.Release|x64.Build.0 = Release|x64
		{D5F9A5A1-CF25-4510-B85C-4FCF90A8F6C1}.Release|x86.ActiveCfg = Release|Win32
		{D5F9A5A1-CF25-4510-B85C-4FCF90A8F6C1}.Release|x86.Build.0 = Release|Win32
		{28D0C406-A047-475E-AB7C-7AC81BDCCFC4}.Debug Lib|x64.ActiveCfg = Debug|x64
		{28D0C406-A047-475E-AB7C-7AC81BDCCFC4}.Debug Lib|x64.Build.0 = Debug|x64
		{28D0C406-A047-475E-AB7C-7AC81BDCCFC4}.Debug Lib|x86.ActiveCfg = Debug|Win32
		{28D0C406-A047-475E-AB7C-7AC81BDCCFC4}.Debug Lib|x86.Build.0 = Debug|Win32
		{28D0C406-A047-475E-AB7C-7AC81BDCCFC4}.Debug|x64.ActiveCfg = Debug|x64
		{28D0C406-A047-475E-AB7C-7AC81BDCCFC4}.Debug|x64.Build.0 = Debug|x64
		{28D0C406-A047-475E-AB7C-7AC81BDCCFC4}.Debug|x86.ActiveCfg = Debug|Win32
		{28D0C406-A047-475E-AB7C-7AC81BDCCFC4}.Debug|x86.Build.0 = Debug|Win32
		{28D0C406-A047-475E-AB7C-7AC81BDCCFC4}.Noopt|x64.ActiveCfg = Release|x64
		{28D0C406-A047-475E-AB7C-7AC81BDCCFC4}.Noopt|x64.Build.0 = Release|x64
		{28D0C406-A047-475E-AB7C-7AC81BDCCFC4}.Noopt|x86.ActiveCfg = Release|Win32
		{28D0C406-A047-475E-AB7C-7AC81BDCCFC4}.Noopt|x86.Build.0 = Release|Win32
		{28D0C406-A047-475E-AB7C-7AC81BDCCFC4}.Release|x64.ActiveCfg = Release|x64
		{28D0C406-A047-475E-AB7C-7AC81BDCCFC4}.Release|x64.Build.0 = Release|x64
		{28D0C406-A047-475E-AB7C-7AC81BDCCFC4}.Release|x86.ActiveCfg = Release|Win32
		{28D0C406-A047-475E-AB7C-7AC81BDCCFC4}.Release|x86.Build.0 = Release|Win32
		{EEA0494C-85F3-4A91-839E-1EFF10389CE4}.Debug Lib|x64.ActiveCfg = Debug|x64
		{EEA0494C-85F3-4A91-839E-1EFF10389CE4}.Debug Lib|x64.Build.0 = Debug|x64
		{EEA0494C-85F3-4A91-839E-1EFF10389CE4}.Debug Lib|x86.ActiveCfg = Debug|Win32
		{EEA0494C-85F3-4A91-839E-1EFF10389CE4}.Debug Lib|x86.Build.0 = Debug|Win32
		{EEA0494C-85F3-4A91-839E-1EFF10389CE4}.Debug|x64.ActiveCfg = Debug|x64
		{EEA0494C-85F3-4A91-839E-1EFF10389CE4}.Debug|x86.ActiveCfg = Debug|Win32
		{EEA0494C-85F3-4A91-839E-1EFF10389CE4}.Noopt|x64.ActiveCfg = Debug|x64
		{EEA0494C-85F3-4A91-839E-1EFF10389CE4}.Noopt|x64.Build.0 = Debug|x64
		{EEA0494C-85F3-4A91-839E-1EFF10389CE4}.Noopt|x86.ActiveCfg = Debug|Win32
		{EEA0494C-85F3-4A91-839E-1EFF10389CE4}.Release|x64.ActiveCfg = Release|x64
		{EEA0494C-85F3-4A91-839E-1EFF10389CE4}.Release|x86.ActiveCfg = Release|Win32
	EndGlobalSection
	GlobalSection(SolutionProperties) = preSolution
		HideSolutionNode = FALSE
	EndGlobalSection
	GlobalSection(ExtensibilityGlobals) = postSolution
		SolutionGuid = {461FB668-C17E-4DB6-861D-3D1DB9C0AF92}
	EndGlobalSection
	GlobalSection(SubversionScc) = preSolution
		Svn-Managed = True
		Manager = AnkhSVN - Subversion Support for Visual Studio
	EndGlobalSection
EndGlobal
